{
  "object": {
    "pins": [
      {
        "package": "Dater",
        "repositoryURL": "https://github.com/archivable/dater.git",
        "state": {
          "branch": "main",
          "revision": "40a4b19b0dd9bfa8d5cd402a0f2a7ab16a7b6c4e",
          "version": null
        }
      },
      {
        "package": "Archivable",
        "repositoryURL": "https://github.com/archivable/package.git",
        "state": {
          "branch": "main",
          "revision": "d70e9e58e8b3bad3f9e793acda198ed44e25b656",
          "version": null
        }
      }
    ]
  },
  "version": 1
}
